
Microsoft Visual Studio Solution File, Format Version 12.00
# Visual Studio 15
VisualStudioVersion = 15.0.26124.0
MinimumVisualStudioVersion = 15.0.26124.0
Project("{FAE04EC0-301F-11D3-BF4B-00C04F79EFBC}") = "Project1.App", "Project1.App\Project1.App.csproj", "{8B4749EB-36E2-4E69-8501-DA2A0DBD2803}"
EndProject
Project("{FAE04EC0-301F-11D3-BF4B-00C04F79EFBC}") = "Project1.DataAccess", "Project1.DataAccess\Project1.DataAccess.csproj", "{8B13DDB9-A685-472C-8F30-D8E38B580464}"
EndProject
Project("{FAE04EC0-301F-11D3-BF4B-00C04F79EFBC}") = "Project1.Library", "Project1.Library\Project1.Library.csproj", "{F272CFD9-CA52-4023-867D-E2C9BF92C3B9}"
EndProject
Project("{FAE04EC0-301F-11D3-BF4B-00C04F79EFBC}") = "Project1.UnitTesting", "Project1.UnitTesting\Project1.UnitTesting.csproj", "{BC0BA2EA-45B7-4708-9661-F0CCCB555CB9}"
EndProject
Global
	GlobalSection(SolutionConfigurationPlatforms) = preSolution
		Debug|Any CPU = Debug|Any CPU
		Debug|x64 = Debug|x64
		Debug|x86 = Debug|x86
		Release|Any CPU = Release|Any CPU
		Release|x64 = Release|x64
		Release|x86 = Release|x86
	EndGlobalSection
	GlobalSection(SolutionProperties) = preSolution
		HideSolutionNode = FALSE
	EndGlobalSection
	GlobalSection(ProjectConfigurationPlatforms) = postSolution
		{8B4749EB-36E2-4E69-8501-DA2A0DBD2803}.Debug|Any CPU.ActiveCfg = Debug|Any CPU
		{8B4749EB-36E2-4E69-8501-DA2A0DBD2803}.Debug|Any CPU.Build.0 = Debug|Any CPU
		{8B4749EB-36E2-4E69-8501-DA2A0DBD2803}.Debug|x64.ActiveCfg = Debug|Any CPU
		{8B4749EB-36E2-4E69-8501-DA2A0DBD2803}.Debug|x64.Build.0 = Debug|Any CPU
		{8B4749EB-36E2-4E69-8501-DA2A0DBD2803}.Debug|x86.ActiveCfg = Debug|Any CPU
		{8B4749EB-36E2-4E69-8501-DA2A0DBD2803}.Debug|x86.Build.0 = Debug|Any CPU
		{8B4749EB-36E2-4E69-8501-DA2A0DBD2803}.Release|Any CPU.ActiveCfg = Release|Any CPU
		{8B4749EB-36E2-4E69-8501-DA2A0DBD2803}.Release|Any CPU.Build.0 = Release|Any CPU
		{8B4749EB-36E2-4E69-8501-DA2A0DBD2803}.Release|x64.ActiveCfg = Release|Any CPU
		{8B4749EB-36E2-4E69-8501-DA2A0DBD2803}.Release|x64.Build.0 = Release|Any CPU
		{8B4749EB-36E2-4E69-8501-DA2A0DBD2803}.Release|x86.ActiveCfg = Release|Any CPU
		{8B4749EB-36E2-4E69-8501-DA2A0DBD2803}.Release|x86.Build.0 = Release|Any CPU
		{8B13DDB9-A685-472C-8F30-D8E38B580464}.Debug|Any CPU.ActiveCfg = Debug|Any CPU
		{8B13DDB9-A685-472C-8F30-D8E38B580464}.Debug|Any CPU.Build.0 = Debug|Any CPU
		{8B13DDB9-A685-472C-8F30-D8E38B580464}.Debug|x64.ActiveCfg = Debug|Any CPU
		{8B13DDB9-A685-472C-8F30-D8E38B580464}.Debug|x64.Build.0 = Debug|Any CPU
		{8B13DDB9-A685-472C-8F30-D8E38B580464}.Debug|x86.ActiveCfg = Debug|Any CPU
		{8B13DDB9-A685-472C-8F30-D8E38B580464}.Debug|x86.Build.0 = Debug|Any CPU
		{8B13DDB9-A685-472C-8F30-D8E38B580464}.Release|Any CPU.ActiveCfg = Release|Any CPU
		{8B13DDB9-A685-472C-8F30-D8E38B580464}.Release|Any CPU.Build.0 = Release|Any CPU
		{8B13DDB9-A685-472C-8F30-D8E38B580464}.Release|x64.ActiveCfg = Release|Any CPU
		{8B13DDB9-A685-472C-8F30-D8E38B580464}.Release|x64.Build.0 = Release|Any CPU
		{8B13DDB9-A685-472C-8F30-D8E38B580464}.Release|x86.ActiveCfg = Release|Any CPU
		{8B13DDB9-A685-472C-8F30-D8E38B580464}.Release|x86.Build.0 = Release|Any CPU
		{F272CFD9-CA52-4023-867D-E2C9BF92C3B9}.Debug|Any CPU.ActiveCfg = Debug|Any CPU
		{F272CFD9-CA52-4023-867D-E2C9BF92C3B9}.Debug|Any CPU.Build.0 = Debug|Any CPU
		{F272CFD9-CA52-4023-867D-E2C9BF92C3B9}.Debug|x64.ActiveCfg = Debug|Any CPU
		{F272CFD9-CA52-4023-867D-E2C9BF92C3B9}.Debug|x64.Build.0 = Debug|Any CPU
		{F272CFD9-CA52-4023-867D-E2C9BF92C3B9}.Debug|x86.ActiveCfg = Debug|Any CPU
		{F272CFD9-CA52-4023-867D-E2C9BF92C3B9}.Debug|x86.Build.0 = Debug|Any CPU
		{F272CFD9-CA52-4023-867D-E2C9BF92C3B9}.Release|Any CPU.ActiveCfg = Release|Any CPU
		{F272CFD9-CA52-4023-867D-E2C9BF92C3B9}.Release|Any CPU.Build.0 = Release|Any CPU
		{F272CFD9-CA52-4023-867D-E2C9BF92C3B9}.Release|x64.ActiveCfg = Release|Any CPU
		{F272CFD9-CA52-4023-867D-E2C9BF92C3B9}.Release|x64.Build.0 = Release|Any CPU
		{F272CFD9-CA52-4023-867D-E2C9BF92C3B9}.Release|x86.ActiveCfg = Release|Any CPU
		{F272CFD9-CA52-4023-867D-E2C9BF92C3B9}.Release|x86.Build.0 = Release|Any CPU
		{BC0BA2EA-45B7-4708-9661-F0CCCB555CB9}.Debug|Any CPU.ActiveCfg = Debug|Any CPU
		{BC0BA2EA-45B7-4708-9661-F0CCCB555CB9}.Debug|Any CPU.Build.0 = Debug|Any CPU
		{BC0BA2EA-45B7-4708-9661-F0CCCB555CB9}.Debug|x64.ActiveCfg = Debug|Any CPU
		{BC0BA2EA-45B7-4708-9661-F0CCCB555CB9}.Debug|x64.Build.0 = Debug|Any CPU
		{BC0BA2EA-45B7-4708-9661-F0CCCB555CB9}.Debug|x86.ActiveCfg = Debug|Any CPU
		{BC0BA2EA-45B7-4708-9661-F0CCCB555CB9}.Debug|x86.Build.0 = Debug|Any CPU
		{BC0BA2EA-45B7-4708-9661-F0CCCB555CB9}.Release|Any CPU.ActiveCfg = Release|Any CPU
		{BC0BA2EA-45B7-4708-9661-F0CCCB555CB9}.Release|Any CPU.Build.0 = Release|Any CPU
		{BC0BA2EA-45B7-4708-9661-F0CCCB555CB9}.Release|x64.ActiveCfg = Release|Any CPU
		{BC0BA2EA-45B7-4708-9661-F0CCCB555CB9}.Release|x64.Build.0 = Release|Any CPU
		{BC0BA2EA-45B7-4708-9661-F0CCCB555CB9}.Release|x86.ActiveCfg = Release|Any CPU
		{BC0BA2EA-45B7-4708-9661-F0CCCB555CB9}.Release|x86.Build.0 = Release|Any CPU
	EndGlobalSection
EndGlobal
